
Microsoft Visual Studio Solution File, Format Version 12.00
# Visual Studio 2012
Project("{FAE04EC0-301F-11D3-BF4B-00C04F79EFBC}") = "XeroUITests", "XeroUITests\XeroUITests.csproj", "{4E52E6DE-FA94-4171-8E18-47FFFB544BA7}"
EndProject
Project("{FAE04EC0-301F-11D3-BF4B-00C04F79EFBC}") = "UnitTestProject1", "UnitTestProject1\UnitTestProject1.csproj", "{B11DC445-0426-4DD4-AB90-76DAF44CE57E}"
EndProject
Global
	GlobalSection(SolutionConfigurationPlatforms) = preSolution
		Debug|Any CPU = Debug|Any CPU
		Release|Any CPU = Release|Any CPU
	EndGlobalSection
	GlobalSection(ProjectConfigurationPlatforms) = postSolution
		{4E52E6DE-FA94-4171-8E18-47FFFB544BA7}.Debug|Any CPU.ActiveCfg = Debug|Any CPU
		{4E52E6DE-FA94-4171-8E18-47FFFB544BA7}.Debug|Any CPU.Build.0 = Debug|Any CPU
		{4E52E6DE-FA94-4171-8E18-47FFFB544BA7}.Release|Any CPU.ActiveCfg = Release|Any CPU
		{4E52E6DE-FA94-4171-8E18-47FFFB544BA7}.Release|Any CPU.Build.0 = Release|Any CPU
		{B11DC445-0426-4DD4-AB90-76DAF44CE57E}.Debug|Any CPU.ActiveCfg = Debug|Any CPU
		{B11DC445-0426-4DD4-AB90-76DAF44CE57E}.Debug|Any CPU.Build.0 = Debug|Any CPU
		{B11DC445-0426-4DD4-AB90-76DAF44CE57E}.Release|Any CPU.ActiveCfg = Release|Any CPU
		{B11DC445-0426-4DD4-AB90-76DAF44CE57E}.Release|Any CPU.Build.0 = Release|Any CPU
	EndGlobalSection
	GlobalSection(SolutionProperties) = preSolution
		HideSolutionNode = FALSE
	EndGlobalSection
EndGlobal
